
Microsoft Visual Studio Solution File, Format Version 12.00
# Visual Studio Version 16
VisualStudioVersion = 16.0.29519.87
MinimumVisualStudioVersion = 10.0.40219.1
Project("{FAE04EC0-301F-11D3-BF4B-00C04F79EFBC}") = "Calculator Project", "Calculator Project.csproj", "{304F26FE-FD51-4D03-9012-BD9855DB3C31}"
EndProject
Global
	GlobalSection(SolutionConfigurationPlatforms) = preSolution
		Debug|Any CPU = Debug|Any CPU
		Release|Any CPU = Release|Any CPU
	EndGlobalSection
	GlobalSection(ProjectConfigurationPlatforms) = postSolution
		{304F26FE-FD51-4D03-9012-BD9855DB3C31}.Debug|Any CPU.ActiveCfg = Debug|Any CPU
		{304F26FE-FD51-4D03-9012-BD9855DB3C31}.Debug|Any CPU.Build.0 = Debug|Any CPU
		{304F26FE-FD51-4D03-9012-BD9855DB3C31}.Release|Any CPU.ActiveCfg = Release|Any CPU
		{304F26FE-FD51-4D03-9012-BD9855DB3C31}.Release|Any CPU.Build.0 = Release|Any CPU
	EndGlobalSection
	GlobalSection(SolutionProperties) = preSolution
		HideSolutionNode = FALSE
	EndGlobalSection
	GlobalSection(ExtensibilityGlobals) = postSolution
		SolutionGuid = {A53D9417-719E-4264-A134-D7159EBD12CF}
	EndGlobalSection
EndGlobal
